
Microsoft Visual Studio Solution File, Format Version 12.00
Project("{FAE04EC0-301F-11D3-BF4B-00C04F79EFBC}") = "Domain.App", "Domain.App\Domain.App.csproj", "{05ECEC62-F2C6-422B-8588-23ACD7BAA63A}"
EndProject
Project("{2150E333-8FDC-42A3-9474-1A3956D46DE8}") = "App", "App", "{17253DF8-2EE0-4689-B3B1-2EB891427496}"
EndProject
Project("{FAE04EC0-301F-11D3-BF4B-00C04F79EFBC}") = "BLL.App", "BLL.App\BLL.App.csproj", "{A5F42A06-9313-46F9-82CA-67E0C5274D09}"
EndProject
Project("{FAE04EC0-301F-11D3-BF4B-00C04F79EFBC}") = "BLL.App.DTO", "BLL.App.DTO\BLL.App.DTO.csproj", "{929773B3-1009-4D00-A3D8-BEA89FCCAF3C}"
EndProject
Project("{FAE04EC0-301F-11D3-BF4B-00C04F79EFBC}") = "Contracts.BLL.App", "Contracts.BLL.App\Contracts.BLL.App.csproj", "{F098A40A-4E79-41B3-924C-C6D3D455D4BB}"
EndProject
Project("{FAE04EC0-301F-11D3-BF4B-00C04F79EFBC}") = "Contracts.DAL.App", "Contracts.DAL.App\Contracts.DAL.App.csproj", "{2A264BF9-8EC2-4451-B4CD-62BEBF072FC5}"
EndProject
Project("{FAE04EC0-301F-11D3-BF4B-00C04F79EFBC}") = "DAL.App.DTO", "DAL.App.DTO\DAL.App.DTO.csproj", "{98FE031B-ABD5-4DA8-8CEA-CB8B4D6DBE10}"
EndProject
Project("{FAE04EC0-301F-11D3-BF4B-00C04F79EFBC}") = "DAL.App.EF", "DAL.App.EF\DAL.App.EF.csproj", "{89E935D1-B6BD-497E-A67F-A939360ECDC8}"
EndProject
Project("{FAE04EC0-301F-11D3-BF4B-00C04F79EFBC}") = "DTO.App", "DTO.App\DTO.App.csproj", "{35851BD1-C811-42E3-A77A-1E4EBBDBF04A}"
EndProject
Project("{FAE04EC0-301F-11D3-BF4B-00C04F79EFBC}") = "PublicApi.DTO.v1", "PublicApi.DTO.v1\PublicApi.DTO.v1.csproj", "{B689E13B-0516-4556-99C6-63D460AA3B31}"
EndProject
Project("{2150E333-8FDC-42A3-9474-1A3956D46DE8}") = "Base", "Base", "{BF885D73-266A-4460-8CB9-89E3B88D7DF3}"
EndProject
Project("{2150E333-8FDC-42A3-9474-1A3956D46DE8}") = "Solution Items", "Solution Items", "{8EC552D3-6C4D-455E-9907-2D6FBD47DB54}"
ProjectSection(SolutionItems) = preProject
	Directory.Build.props = Directory.Build.props
EndProjectSection
EndProject
Project("{FAE04EC0-301F-11D3-BF4B-00C04F79EFBC}") = "BLL.Base", "BLL.Base\BLL.Base.csproj", "{E832B6D4-CBB5-41EE-953C-738B4336BC3D}"
EndProject
Project("{FAE04EC0-301F-11D3-BF4B-00C04F79EFBC}") = "Contracts.BLL.Base", "Contracts.BLL.Base\Contracts.BLL.Base.csproj", "{C9E2A53F-24B7-419C-99F9-0CB93EFB2E7D}"
EndProject
Project("{FAE04EC0-301F-11D3-BF4B-00C04F79EFBC}") = "Contracts.DAL.Base", "Contracts.DAL.Base\Contracts.DAL.Base.csproj", "{00052BEB-57B1-4087-98A3-BABADF5B4F5F}"
EndProject
Project("{FAE04EC0-301F-11D3-BF4B-00C04F79EFBC}") = "Contracts.Domain.Base", "Contracts.Domain.Base\Contracts.Domain.Base.csproj", "{C94FF6E8-A58B-4B3B-9B77-7027144338A2}"
EndProject
Project("{FAE04EC0-301F-11D3-BF4B-00C04F79EFBC}") = "DAL.Base", "DAL.Base\DAL.Base.csproj", "{471F552F-42C2-43B2-95DF-4AD8C18C5D43}"
EndProject
Project("{FAE04EC0-301F-11D3-BF4B-00C04F79EFBC}") = "DAL.Base.EF", "DAL.Base.EF\DAL.Base.EF.csproj", "{9764ABC8-7B98-4ADD-829D-DE085898CCEF}"
EndProject
Project("{FAE04EC0-301F-11D3-BF4B-00C04F79EFBC}") = "Domain.Base", "Domain.Base\Domain.Base.csproj", "{FE36D8A7-4422-4F5C-AA06-26D8A87EB0B8}"
EndProject
Project("{FAE04EC0-301F-11D3-BF4B-00C04F79EFBC}") = "Extensions.Base", "Extensions.Base\Extensions.Base.csproj", "{CACA3CB5-BA12-4B5B-869A-B08AC36CF5D8}"
EndProject
Project("{FAE04EC0-301F-11D3-BF4B-00C04F79EFBC}") = "WebApp", "WebApp\WebApp.csproj", "{CE29A979-75C4-4D46-8D1A-5A5EBE34CD20}"
EndProject
Global
	GlobalSection(SolutionConfigurationPlatforms) = preSolution
		Debug|Any CPU = Debug|Any CPU
		Release|Any CPU = Release|Any CPU
	EndGlobalSection
	GlobalSection(ProjectConfigurationPlatforms) = postSolution
		{05ECEC62-F2C6-422B-8588-23ACD7BAA63A}.Debug|Any CPU.ActiveCfg = Debug|Any CPU
		{05ECEC62-F2C6-422B-8588-23ACD7BAA63A}.Debug|Any CPU.Build.0 = Debug|Any CPU
		{05ECEC62-F2C6-422B-8588-23ACD7BAA63A}.Release|Any CPU.ActiveCfg = Release|Any CPU
		{05ECEC62-F2C6-422B-8588-23ACD7BAA63A}.Release|Any CPU.Build.0 = Release|Any CPU
		{A5F42A06-9313-46F9-82CA-67E0C5274D09}.Debug|Any CPU.ActiveCfg = Debug|Any CPU
		{A5F42A06-9313-46F9-82CA-67E0C5274D09}.Debug|Any CPU.Build.0 = Debug|Any CPU
		{A5F42A06-9313-46F9-82CA-67E0C5274D09}.Release|Any CPU.ActiveCfg = Release|Any CPU
		{A5F42A06-9313-46F9-82CA-67E0C5274D09}.Release|Any CPU.Build.0 = Release|Any CPU
		{929773B3-1009-4D00-A3D8-BEA89FCCAF3C}.Debug|Any CPU.ActiveCfg = Debug|Any CPU
		{929773B3-1009-4D00-A3D8-BEA89FCCAF3C}.Debug|Any CPU.Build.0 = Debug|Any CPU
		{929773B3-1009-4D00-A3D8-BEA89FCCAF3C}.Release|Any CPU.ActiveCfg = Release|Any CPU
		{929773B3-1009-4D00-A3D8-BEA89FCCAF3C}.Release|Any CPU.Build.0 = Release|Any CPU
		{F098A40A-4E79-41B3-924C-C6D3D455D4BB}.Debug|Any CPU.ActiveCfg = Debug|Any CPU
		{F098A40A-4E79-41B3-924C-C6D3D455D4BB}.Debug|Any CPU.Build.0 = Debug|Any CPU
		{F098A40A-4E79-41B3-924C-C6D3D455D4BB}.Release|Any CPU.ActiveCfg = Release|Any CPU
		{F098A40A-4E79-41B3-924C-C6D3D455D4BB}.Release|Any CPU.Build.0 = Release|Any CPU
		{2A264BF9-8EC2-4451-B4CD-62BEBF072FC5}.Debug|Any CPU.ActiveCfg = Debug|Any CPU
		{2A264BF9-8EC2-4451-B4CD-62BEBF072FC5}.Debug|Any CPU.Build.0 = Debug|Any CPU
		{2A264BF9-8EC2-4451-B4CD-62BEBF072FC5}.Release|Any CPU.ActiveCfg = Release|Any CPU
		{2A264BF9-8EC2-4451-B4CD-62BEBF072FC5}.Release|Any CPU.Build.0 = Release|Any CPU
		{98FE031B-ABD5-4DA8-8CEA-CB8B4D6DBE10}.Debug|Any CPU.ActiveCfg = Debug|Any CPU
		{98FE031B-ABD5-4DA8-8CEA-CB8B4D6DBE10}.Debug|Any CPU.Build.0 = Debug|Any CPU
		{98FE031B-ABD5-4DA8-8CEA-CB8B4D6DBE10}.Release|Any CPU.ActiveCfg = Release|Any CPU
		{98FE031B-ABD5-4DA8-8CEA-CB8B4D6DBE10}.Release|Any CPU.Build.0 = Release|Any CPU
		{89E935D1-B6BD-497E-A67F-A939360ECDC8}.Debug|Any CPU.ActiveCfg = Debug|Any CPU
		{89E935D1-B6BD-497E-A67F-A939360ECDC8}.Debug|Any CPU.Build.0 = Debug|Any CPU
		{89E935D1-B6BD-497E-A67F-A939360ECDC8}.Release|Any CPU.ActiveCfg = Release|Any CPU
		{89E935D1-B6BD-497E-A67F-A939360ECDC8}.Release|Any CPU.Build.0 = Release|Any CPU
		{35851BD1-C811-42E3-A77A-1E4EBBDBF04A}.Debug|Any CPU.ActiveCfg = Debug|Any CPU
		{35851BD1-C811-42E3-A77A-1E4EBBDBF04A}.Debug|Any CPU.Build.0 = Debug|Any CPU
		{35851BD1-C811-42E3-A77A-1E4EBBDBF04A}.Release|Any CPU.ActiveCfg = Release|Any CPU
		{35851BD1-C811-42E3-A77A-1E4EBBDBF04A}.Release|Any CPU.Build.0 = Release|Any CPU
		{B689E13B-0516-4556-99C6-63D460AA3B31}.Debug|Any CPU.ActiveCfg = Debug|Any CPU
		{B689E13B-0516-4556-99C6-63D460AA3B31}.Debug|Any CPU.Build.0 = Debug|Any CPU
		{B689E13B-0516-4556-99C6-63D460AA3B31}.Release|Any CPU.ActiveCfg = Release|Any CPU
		{B689E13B-0516-4556-99C6-63D460AA3B31}.Release|Any CPU.Build.0 = Release|Any CPU
		{E832B6D4-CBB5-41EE-953C-738B4336BC3D}.Debug|Any CPU.ActiveCfg = Debug|Any CPU
		{E832B6D4-CBB5-41EE-953C-738B4336BC3D}.Debug|Any CPU.Build.0 = Debug|Any CPU
		{E832B6D4-CBB5-41EE-953C-738B4336BC3D}.Release|Any CPU.ActiveCfg = Release|Any CPU
		{E832B6D4-CBB5-41EE-953C-738B4336BC3D}.Release|Any CPU.Build.0 = Release|Any CPU
		{C9E2A53F-24B7-419C-99F9-0CB93EFB2E7D}.Debug|Any CPU.ActiveCfg = Debug|Any CPU
		{C9E2A53F-24B7-419C-99F9-0CB93EFB2E7D}.Debug|Any CPU.Build.0 = Debug|Any CPU
		{C9E2A53F-24B7-419C-99F9-0CB93EFB2E7D}.Release|Any CPU.ActiveCfg = Release|Any CPU
		{C9E2A53F-24B7-419C-99F9-0CB93EFB2E7D}.Release|Any CPU.Build.0 = Release|Any CPU
		{00052BEB-57B1-4087-98A3-BABADF5B4F5F}.Debug|Any CPU.ActiveCfg = Debug|Any CPU
		{00052BEB-57B1-4087-98A3-BABADF5B4F5F}.Debug|Any CPU.Build.0 = Debug|Any CPU
		{00052BEB-57B1-4087-98A3-BABADF5B4F5F}.Release|Any CPU.ActiveCfg = Release|Any CPU
		{00052BEB-57B1-4087-98A3-BABADF5B4F5F}.Release|Any CPU.Build.0 = Release|Any CPU
		{C94FF6E8-A58B-4B3B-9B77-7027144338A2}.Debug|Any CPU.ActiveCfg = Debug|Any CPU
		{C94FF6E8-A58B-4B3B-9B77-7027144338A2}.Debug|Any CPU.Build.0 = Debug|Any CPU
		{C94FF6E8-A58B-4B3B-9B77-7027144338A2}.Release|Any CPU.ActiveCfg = Release|Any CPU
		{C94FF6E8-A58B-4B3B-9B77-7027144338A2}.Release|Any CPU.Build.0 = Release|Any CPU
		{471F552F-42C2-43B2-95DF-4AD8C18C5D43}.Debug|Any CPU.ActiveCfg = Debug|Any CPU
		{471F552F-42C2-43B2-95DF-4AD8C18C5D43}.Debug|Any CPU.Build.0 = Debug|Any CPU
		{471F552F-42C2-43B2-95DF-4AD8C18C5D43}.Release|Any CPU.ActiveCfg = Release|Any CPU
		{471F552F-42C2-43B2-95DF-4AD8C18C5D43}.Release|Any CPU.Build.0 = Release|Any CPU
		{9764ABC8-7B98-4ADD-829D-DE085898CCEF}.Debug|Any CPU.ActiveCfg = Debug|Any CPU
		{9764ABC8-7B98-4ADD-829D-DE085898CCEF}.Debug|Any CPU.Build.0 = Debug|Any CPU
		{9764ABC8-7B98-4ADD-829D-DE085898CCEF}.Release|Any CPU.ActiveCfg = Release|Any CPU
		{9764ABC8-7B98-4ADD-829D-DE085898CCEF}.Release|Any CPU.Build.0 = Release|Any CPU
		{FE36D8A7-4422-4F5C-AA06-26D8A87EB0B8}.Debug|Any CPU.ActiveCfg = Debug|Any CPU
		{FE36D8A7-4422-4F5C-AA06-26D8A87EB0B8}.Debug|Any CPU.Build.0 = Debug|Any CPU
		{FE36D8A7-4422-4F5C-AA06-26D8A87EB0B8}.Release|Any CPU.ActiveCfg = Release|Any CPU
		{FE36D8A7-4422-4F5C-AA06-26D8A87EB0B8}.Release|Any CPU.Build.0 = Release|Any CPU
		{CACA3CB5-BA12-4B5B-869A-B08AC36CF5D8}.Debug|Any CPU.ActiveCfg = Debug|Any CPU
		{CACA3CB5-BA12-4B5B-869A-B08AC36CF5D8}.Debug|Any CPU.Build.0 = Debug|Any CPU
		{CACA3CB5-BA12-4B5B-869A-B08AC36CF5D8}.Release|Any CPU.ActiveCfg = Release|Any CPU
		{CACA3CB5-BA12-4B5B-869A-B08AC36CF5D8}.Release|Any CPU.Build.0 = Release|Any CPU
		{CE29A979-75C4-4D46-8D1A-5A5EBE34CD20}.Debug|Any CPU.ActiveCfg = Debug|Any CPU
		{CE29A979-75C4-4D46-8D1A-5A5EBE34CD20}.Debug|Any CPU.Build.0 = Debug|Any CPU
		{CE29A979-75C4-4D46-8D1A-5A5EBE34CD20}.Release|Any CPU.ActiveCfg = Release|Any CPU
		{CE29A979-75C4-4D46-8D1A-5A5EBE34CD20}.Release|Any CPU.Build.0 = Release|Any CPU
	EndGlobalSection
	GlobalSection(NestedProjects) = preSolution
		{05ECEC62-F2C6-422B-8588-23ACD7BAA63A} = {17253DF8-2EE0-4689-B3B1-2EB891427496}
		{A5F42A06-9313-46F9-82CA-67E0C5274D09} = {17253DF8-2EE0-4689-B3B1-2EB891427496}
		{929773B3-1009-4D00-A3D8-BEA89FCCAF3C} = {17253DF8-2EE0-4689-B3B1-2EB891427496}
		{F098A40A-4E79-41B3-924C-C6D3D455D4BB} = {17253DF8-2EE0-4689-B3B1-2EB891427496}
		{2A264BF9-8EC2-4451-B4CD-62BEBF072FC5} = {17253DF8-2EE0-4689-B3B1-2EB891427496}
		{98FE031B-ABD5-4DA8-8CEA-CB8B4D6DBE10} = {17253DF8-2EE0-4689-B3B1-2EB891427496}
		{89E935D1-B6BD-497E-A67F-A939360ECDC8} = {17253DF8-2EE0-4689-B3B1-2EB891427496}
		{35851BD1-C811-42E3-A77A-1E4EBBDBF04A} = {17253DF8-2EE0-4689-B3B1-2EB891427496}
		{B689E13B-0516-4556-99C6-63D460AA3B31} = {17253DF8-2EE0-4689-B3B1-2EB891427496}
		{E832B6D4-CBB5-41EE-953C-738B4336BC3D} = {BF885D73-266A-4460-8CB9-89E3B88D7DF3}
		{C9E2A53F-24B7-419C-99F9-0CB93EFB2E7D} = {BF885D73-266A-4460-8CB9-89E3B88D7DF3}
		{00052BEB-57B1-4087-98A3-BABADF5B4F5F} = {BF885D73-266A-4460-8CB9-89E3B88D7DF3}
		{C94FF6E8-A58B-4B3B-9B77-7027144338A2} = {BF885D73-266A-4460-8CB9-89E3B88D7DF3}
		{471F552F-42C2-43B2-95DF-4AD8C18C5D43} = {BF885D73-266A-4460-8CB9-89E3B88D7DF3}
		{9764ABC8-7B98-4ADD-829D-DE085898CCEF} = {BF885D73-266A-4460-8CB9-89E3B88D7DF3}
		{FE36D8A7-4422-4F5C-AA06-26D8A87EB0B8} = {BF885D73-266A-4460-8CB9-89E3B88D7DF3}
		{CACA3CB5-BA12-4B5B-869A-B08AC36CF5D8} = {BF885D73-266A-4460-8CB9-89E3B88D7DF3}
		{CE29A979-75C4-4D46-8D1A-5A5EBE34CD20} = {17253DF8-2EE0-4689-B3B1-2EB891427496}
	EndGlobalSection
EndGlobal
